
Microsoft Visual Studio Solution File, Format Version 12.00
# Visual Studio Version 17
VisualStudioVersion = 17.1.32210.238
MinimumVisualStudioVersion = 10.0.40219.1
Project("{FAE04EC0-301F-11D3-BF4B-00C04F79EFBC}") = "ReactProject", "ReactProject\ReactProject.csproj", "{6F8D0D7C-59D8-4189-A04E-359A9EC643DF}"
EndProject
Global
	GlobalSection(SolutionConfigurationPlatforms) = preSolution
		Debug|Any CPU = Debug|Any CPU
		Release|Any CPU = Release|Any CPU
	EndGlobalSection
	GlobalSection(ProjectConfigurationPlatforms) = postSolution
		{6F8D0D7C-59D8-4189-A04E-359A9EC643DF}.Debug|Any CPU.ActiveCfg = Debug|Any CPU
		{6F8D0D7C-59D8-4189-A04E-359A9EC643DF}.Debug|Any CPU.Build.0 = Debug|Any CPU
		{6F8D0D7C-59D8-4189-A04E-359A9EC643DF}.Release|Any CPU.ActiveCfg = Release|Any CPU
		{6F8D0D7C-59D8-4189-A04E-359A9EC643DF}.Release|Any CPU.Build.0 = Release|Any CPU
	EndGlobalSection
	GlobalSection(SolutionProperties) = preSolution
		HideSolutionNode = FALSE
	EndGlobalSection
	GlobalSection(ExtensibilityGlobals) = postSolution
		SolutionGuid = {A97A54A5-4BB1-4104-8374-CE89488DBB38}
	EndGlobalSection
EndGlobal
